
Microsoft Visual Studio Solution File, Format Version 12.00
# Visual Studio 15
VisualStudioVersion = 15.0.28010.2026
MinimumVisualStudioVersion = 10.0.40219.1
Project("{FAE04EC0-301F-11D3-BF4B-00C04F79EFBC}") = "ConsoleApp1", "ConsoleApp1\ConsoleApp1.csproj", "{86457B6E-E01D-4B8D-96F5-CB94DCF01E3B}"
EndProject
Global
	GlobalSection(SolutionConfigurationPlatforms) = preSolution
		Debug|Any CPU = Debug|Any CPU
		Release|Any CPU = Release|Any CPU
	EndGlobalSection
	GlobalSection(ProjectConfigurationPlatforms) = postSolution
		{86457B6E-E01D-4B8D-96F5-CB94DCF01E3B}.Debug|Any CPU.ActiveCfg = Debug|Any CPU
		{86457B6E-E01D-4B8D-96F5-CB94DCF01E3B}.Debug|Any CPU.Build.0 = Debug|Any CPU
		{86457B6E-E01D-4B8D-96F5-CB94DCF01E3B}.Release|Any CPU.ActiveCfg = Release|Any CPU
		{86457B6E-E01D-4B8D-96F5-CB94DCF01E3B}.Release|Any CPU.Build.0 = Release|Any CPU
	EndGlobalSection
	GlobalSection(SolutionProperties) = preSolution
		HideSolutionNode = FALSE
	EndGlobalSection
	GlobalSection(ExtensibilityGlobals) = postSolution
		SolutionGuid = {D373224E-47C0-46AC-8D04-4271B8250DBD}
	EndGlobalSection
EndGlobal
